
Microsoft Visual Studio Solution File, Format Version 12.00
# Visual Studio Version 17
VisualStudioVersion = 17.14.37027.9 d17.14
MinimumVisualStudioVersion = 10.0.40219.1
Project("{FAE04EC0-301F-11D3-BF4B-00C04F79EFBC}") = "pr12_trpo2", "pr12_trpo2\pr12_trpo2.csproj", "{05958303-A417-47E8-AFA3-291689368702}"
EndProject
Global
	GlobalSection(SolutionConfigurationPlatforms) = preSolution
		Debug|Any CPU = Debug|Any CPU
		Release|Any CPU = Release|Any CPU
	EndGlobalSection
	GlobalSection(ProjectConfigurationPlatforms) = postSolution
		{05958303-A417-47E8-AFA3-291689368702}.Debug|Any CPU.ActiveCfg = Debug|Any CPU
		{05958303-A417-47E8-AFA3-291689368702}.Debug|Any CPU.Build.0 = Debug|Any CPU
		{05958303-A417-47E8-AFA3-291689368702}.Release|Any CPU.ActiveCfg = Release|Any CPU
		{05958303-A417-47E8-AFA3-291689368702}.Release|Any CPU.Build.0 = Release|Any CPU
	EndGlobalSection
	GlobalSection(SolutionProperties) = preSolution
		HideSolutionNode = FALSE
	EndGlobalSection
	GlobalSection(ExtensibilityGlobals) = postSolution
		SolutionGuid = {3994A138-C0AF-4375-972B-16A902FCF5AA}
	EndGlobalSection
EndGlobal
